
Microsoft Visual Studio Solution File, Format Version 12.00
# Visual Studio Version 17
VisualStudioVersion = 17.4.33213.308
MinimumVisualStudioVersion = 10.0.40219.1
Project("{FAE04EC0-301F-11D3-BF4B-00C04F79EFBC}") = "graphics13", "graphics13\graphics13.csproj", "{215C7B32-E49A-4A50-B65E-0FFE105E4A87}"
EndProject
Global
	GlobalSection(SolutionConfigurationPlatforms) = preSolution
		Debug|Any CPU = Debug|Any CPU
		Release|Any CPU = Release|Any CPU
	EndGlobalSection
	GlobalSection(ProjectConfigurationPlatforms) = postSolution
		{215C7B32-E49A-4A50-B65E-0FFE105E4A87}.Debug|Any CPU.ActiveCfg = Debug|Any CPU
		{215C7B32-E49A-4A50-B65E-0FFE105E4A87}.Debug|Any CPU.Build.0 = Debug|Any CPU
		{215C7B32-E49A-4A50-B65E-0FFE105E4A87}.Release|Any CPU.ActiveCfg = Release|Any CPU
		{215C7B32-E49A-4A50-B65E-0FFE105E4A87}.Release|Any CPU.Build.0 = Release|Any CPU
	EndGlobalSection
	GlobalSection(SolutionProperties) = preSolution
		HideSolutionNode = FALSE
	EndGlobalSection
	GlobalSection(ExtensibilityGlobals) = postSolution
		SolutionGuid = {11944434-BA13-4492-B7B7-98AA063D4D79}
	EndGlobalSection
EndGlobal
